lockfileVersion: '6.0'

settings:
  autoInstallPeers: true
  excludeLinksFromLockfile: false

dependencies:
  '-':
    specifier: ^0.0.1
    version: 0.0.1
  D:
    specifier: ^1.0.0
    version: 1.0.0

packages:

  /-@0.0.1:
    resolution: {integrity: sha512-3HfneK3DGAm05fpyj20sT3apkNcvPpCuccOThOPdzz8sY7GgQGe0l93XH9bt+YzibcTIgUAIMoyVJI740RtgyQ==}
    dev: false

  /D@1.0.0:
    resolution: {integrity: sha512-nQvrCBu7K2pSSEtIM0EEF03FVjcczCXInMt3moLNFbjlWx6bZrX72uT6/1uAXDbnzGUAx9gTyDiQ+vrFi663oA==}
    deprecated: Package no longer supported. Contact support@npmjs.com for more info.
    dev: false
